{
  "name": "cards",
  "version": "1.0.0",
  "lockfileVersion": 1,
  "requires": true,
  "dependencies": {
    "xx-element": {
      "version": "3.0.1",
      "resolved": "https://registry.npmjs.org/xx-element/-/xx-element-3.0.1.tgz",
      "integrity": "sha512-XOQLwX1+zBrGfevR2cHOFwXAE7WLRZKbKCFTP9ugGtp5ZbM4DW+YzlhZX8gU3UDYfsYOZ3TDe1BL23GlSEBZ0w=="
    }
  }
}
